
Microsoft Visual Studio Solution File, Format Version 12.00
# Visual Studio Version 16
VisualStudioVersion = 16.0.31321.278
MinimumVisualStudioVersion = 10.0.40219.1
Project("{FAE04EC0-301F-11D3-BF4B-00C04F79EFBC}") = "CollegeMobile.Android", "CollegeMobile.Android\CollegeMobile.Android.csproj", "{A7442087-B3A9-4EA9-85DA-B434272B5C67}"
EndProject
Project("{FAE04EC0-301F-11D3-BF4B-00C04F79EFBC}") = "CollegeMobile", "CollegeMobile\CollegeMobile.csproj", "{2567CF64-3433-4F11-844C-2180219CC563}"
EndProject
Global
	GlobalSection(SolutionConfigurationPlatforms) = preSolution
		Debug|Any CPU = Debug|Any CPU
		Release|Any CPU = Release|Any CPU
	EndGlobalSection
	GlobalSection(ProjectConfigurationPlatforms) = postSolution
		{A7442087-B3A9-4EA9-85DA-B434272B5C67}.Debug|Any CPU.ActiveCfg = Debug|Any CPU
		{A7442087-B3A9-4EA9-85DA-B434272B5C67}.Debug|Any CPU.Build.0 = Debug|Any CPU
		{A7442087-B3A9-4EA9-85DA-B434272B5C67}.Debug|Any CPU.Deploy.0 = Debug|Any CPU
		{A7442087-B3A9-4EA9-85DA-B434272B5C67}.Release|Any CPU.ActiveCfg = Release|Any CPU
		{A7442087-B3A9-4EA9-85DA-B434272B5C67}.Release|Any CPU.Build.0 = Release|Any CPU
		{A7442087-B3A9-4EA9-85DA-B434272B5C67}.Release|Any CPU.Deploy.0 = Release|Any CPU
		{2567CF64-3433-4F11-844C-2180219CC563}.Debug|Any CPU.ActiveCfg = Debug|Any CPU
		{2567CF64-3433-4F11-844C-2180219CC563}.Debug|Any CPU.Build.0 = Debug|Any CPU
		{2567CF64-3433-4F11-844C-2180219CC563}.Debug|Any CPU.Deploy.0 = Debug|Any CPU
		{2567CF64-3433-4F11-844C-2180219CC563}.Release|Any CPU.ActiveCfg = Release|Any CPU
		{2567CF64-3433-4F11-844C-2180219CC563}.Release|Any CPU.Build.0 = Release|Any CPU
		{2567CF64-3433-4F11-844C-2180219CC563}.Release|Any CPU.Deploy.0 = Release|Any CPU
	EndGlobalSection
	GlobalSection(SolutionProperties) = preSolution
		HideSolutionNode = FALSE
	EndGlobalSection
	GlobalSection(ExtensibilityGlobals) = postSolution
		SolutionGuid = {28480A5E-2056-43D3-993D-6D2A1C559E86}
	EndGlobalSection
EndGlobal
